// !$*UTF8*$!
{
	archiveVersion = 1;
	classes = {
	};
	objectVersion = 56;
	objects = {

/* Begin PBXBuildFile section */
		997554F82EA3776C00D0AEE1 /* WaterReminderManager.swift in Sources */ = {isa = PBXBuildFile; fileRef = 997554F72EA3776C00D0AEE1 /* WaterReminderManager.swift */; };
		99A7D5142E9EA7AB00466080 /* FloatingBreakWindow.swift in Sources */ = {isa = PBXBuildFile; fileRef = 99A7D5132E9EA7AB00466080 /* FloatingBreakWindow.swift */; };
		99BD678B2E92516200D6FF8C /* StatusBarController.swift in Sources */ = {isa = PBXBuildFile; fileRef = 99BD678A2E92516200D6FF8C /* StatusBarController.swift */; };
		99EB42272EACA748003A7CDA /* LaunchAtLoginManager.swift in Sources */ = {isa = PBXBuildFile; fileRef = 99EB42262EACA748003A7CDA /* LaunchAtLoginManager.swift */; };
		A10000001 /* EyeBreakApp.swift in Sources */ = {isa = PBXBuildFile; fileRef = A10000000 /* EyeBreakApp.swift */; };
		A10000003 /* TimerState.swift in Sources */ = {isa = PBXBuildFile; fileRef = A10000002 /* TimerState.swift */; };
		A10000005 /* Settings.swift in Sources */ = {isa = PBXBuildFile; fileRef = A10000004 /* Settings.swift */; };
		A10000007 /* BreakTimerManager.swift in Sources */ = {isa = PBXBuildFile; fileRef = A10000006 /* BreakTimerManager.swift */; };
		A10000009 /* IdleDetector.swift in Sources */ = {isa = PBXBuildFile; fileRef = A10000008 /* IdleDetector.swift */; };
		A1000000B /* NotificationManager.swift in Sources */ = {isa = PBXBuildFile; fileRef = A1000000A /* NotificationManager.swift */; };
		A1000000D /* ScreenBlurManager.swift in Sources */ = {isa = PBXBuildFile; fileRef = A1000000C /* ScreenBlurManager.swift */; };
		A10000091 /* AccessibilityPermission.swift in Sources */ = {isa = PBXBuildFile; fileRef = A10000090 /* AccessibilityPermission.swift */; };
		A100000B1 /* SettingsWindowHost.swift in Sources */ = {isa = PBXBuildFile; fileRef = A100000B0 /* SettingsWindowHost.swift */; };
		A1000000F /* MenuBarView.swift in Sources */ = {isa = PBXBuildFile; fileRef = A1000000E /* MenuBarView.swift */; };
		A10000011 /* SettingsView.swift in Sources */ = {isa = PBXBuildFile; fileRef = A10000010 /* SettingsView.swift */; };
		A10000013 /* BreakOverlayView.swift in Sources */ = {isa = PBXBuildFile; fileRef = A10000012 /* BreakOverlayView.swift */; };
		A10000015 /* OnboardingView.swift in Sources */ = {isa = PBXBuildFile; fileRef = A10000014 /* OnboardingView.swift */; };
		A10000017 /* StatsView.swift in Sources */ = {isa = PBXBuildFile; fileRef = A10000016 /* StatsView.swift */; };
		A10000019 /* Assets.xcassets in Resources */ = {isa = PBXBuildFile; fileRef = A10000018 /* Assets.xcassets */; };
		A1000001D /* AmbientReminderManager.swift in Sources */ = {isa = PBXBuildFile; fileRef = A1000001C /* AmbientReminderManager.swift */; };
		A1000001F /* AmbientReminderView.swift in Sources */ = {isa = PBXBuildFile; fileRef = A1000001E /* AmbientReminderView.swift */; };
		A10000023 /* ColorTheme.swift in Sources */ = {isa = PBXBuildFile; fileRef = A10000021 /* ColorTheme.swift */; };
		A10000026 /* BreakCountdown.swift in Sources */ = {isa = PBXBuildFile; fileRef = A10000025 /* BreakCountdown.swift */; };
		A10000101 /* BreakInputPolicy.swift in Sources */ = {isa = PBXBuildFile; fileRef = A10000100 /* BreakInputPolicy.swift */; };
		A10000103 /* BreakInputTap.swift in Sources */ = {isa = PBXBuildFile; fileRef = A10000102 /* BreakInputTap.swift */; };
		A10000024 /* ColorThemeSettingsView.swift in Sources */ = {isa = PBXBuildFile; fileRef = A10000022 /* ColorThemeSettingsView.swift */; };
		A20000001 /* TimerStateTests.swift in Sources */ = {isa = PBXBuildFile; fileRef = A20000000 /* TimerStateTests.swift */; };
		A20000003 /* PersistedValueTests.swift in Sources */ = {isa = PBXBuildFile; fileRef = A20000002 /* PersistedValueTests.swift */; };
		A20000005 /* SettingsHelperTests.swift in Sources */ = {isa = PBXBuildFile; fileRef = A20000004 /* SettingsHelperTests.swift */; };
		A20000010 /* TimerState.swift in Sources */ = {isa = PBXBuildFile; fileRef = A10000002 /* TimerState.swift */; };
		A20000011 /* Settings.swift in Sources */ = {isa = PBXBuildFile; fileRef = A10000004 /* Settings.swift */; };
		A20000012 /* ColorTheme.swift in Sources */ = {isa = PBXBuildFile; fileRef = A10000021 /* ColorTheme.swift */; };
		A20000013 /* BreakCountdown.swift in Sources */ = {isa = PBXBuildFile; fileRef = A10000025 /* BreakCountdown.swift */; };
		A20000014 /* BreakInputPolicy.swift in Sources */ = {isa = PBXBuildFile; fileRef = A10000100 /* BreakInputPolicy.swift */; };
		A20000009 /* BreakInputPolicyTests.swift in Sources */ = {isa = PBXBuildFile; fileRef = A20000008 /* BreakInputPolicyTests.swift */; };
		A20000007 /* BreakCountdownTests.swift in Sources */ = {isa = PBXBuildFile; fileRef = A20000006 /* BreakCountdownTests.swift */; };
/* End PBXBuildFile section */

/* Begin PBXFileReference section */
		997554F72EA3776C00D0AEE1 /* WaterReminderManager.swift */ = {isa = PBXFileReference; lastKnownFileType = sourcecode.swift; path = WaterReminderManager.swift; sourceTree = "<group>"; };
		99A7D5132E9EA7AB00466080 /* FloatingBreakWindow.swift */ = {isa = PBXFileReference; lastKnownFileType = sourcecode.swift; path = FloatingBreakWindow.swift; sourceTree = "<group>"; };
		99BD678A2E92516200D6FF8C /* StatusBarController.swift */ = {isa = PBXFileReference; lastKnownFileType = sourcecode.swift; path = StatusBarController.swift; sourceTree = "<group>"; };
		99EB42262EACA748003A7CDA /* LaunchAtLoginManager.swift */ = {isa = PBXFileReference; lastKnownFileType = sourcecode.swift; path = LaunchAtLoginManager.swift; sourceTree = "<group>"; };
		A10000000 /* EyeBreakApp.swift */ = {isa = PBXFileReference; lastKnownFileType = sourcecode.swift; path = EyeBreakApp.swift; sourceTree = "<group>"; };
		A10000002 /* TimerState.swift */ = {isa = PBXFileReference; lastKnownFileType = sourcecode.swift; path = TimerState.swift; sourceTree = "<group>"; };
		A10000004 /* Settings.swift */ = {isa = PBXFileReference; lastKnownFileType = sourcecode.swift; path = Settings.swift; sourceTree = "<group>"; };
		A10000006 /* BreakTimerManager.swift */ = {isa = PBXFileReference; lastKnownFileType = sourcecode.swift; path = BreakTimerManager.swift; sourceTree = "<group>"; };
		A10000008 /* IdleDetector.swift */ = {isa = PBXFileReference; lastKnownFileType = sourcecode.swift; path = IdleDetector.swift; sourceTree = "<group>"; };
		A1000000A /* NotificationManager.swift */ = {isa = PBXFileReference; lastKnownFileType = sourcecode.swift; path = NotificationManager.swift; sourceTree = "<group>"; };
		A1000000C /* ScreenBlurManager.swift */ = {isa = PBXFileReference; lastKnownFileType = sourcecode.swift; path = ScreenBlurManager.swift; sourceTree = "<group>"; };
		A10000090 /* AccessibilityPermission.swift */ = {isa = PBXFileReference; lastKnownFileType = sourcecode.swift; path = AccessibilityPermission.swift; sourceTree = "<group>"; };
		A100000B0 /* SettingsWindowHost.swift */ = {isa = PBXFileReference; lastKnownFileType = sourcecode.swift; path = SettingsWindowHost.swift; sourceTree = "<group>"; };
		A1000000E /* MenuBarView.swift */ = {isa = PBXFileReference; lastKnownFileType = sourcecode.swift; path = MenuBarView.swift; sourceTree = "<group>"; };
		A10000010 /* SettingsView.swift */ = {isa = PBXFileReference; lastKnownFileType = sourcecode.swift; path = SettingsView.swift; sourceTree = "<group>"; };
		A10000012 /* BreakOverlayView.swift */ = {isa = PBXFileReference; lastKnownFileType = sourcecode.swift; path = BreakOverlayView.swift; sourceTree = "<group>"; };
		A10000014 /* OnboardingView.swift */ = {isa = PBXFileReference; lastKnownFileType = sourcecode.swift; path = OnboardingView.swift; sourceTree = "<group>"; };
		A10000016 /* StatsView.swift */ = {isa = PBXFileReference; lastKnownFileType = sourcecode.swift; path = StatsView.swift; sourceTree = "<group>"; };
		A10000018 /* Assets.xcassets */ = {isa = PBXFileReference; lastKnownFileType = folder.assetcatalog; path = Assets.xcassets; sourceTree = "<group>"; };
		A1000001A /* Info.plist */ = {isa = PBXFileReference; lastKnownFileType = text.plist.xml; path = Info.plist; sourceTree = "<group>"; };
		A1000001B /* EyeBreak.entitlements */ = {isa = PBXFileReference; lastKnownFileType = text.plist.entitlements; path = EyeBreak.entitlements; sourceTree = "<group>"; };
		A1000001C /* AmbientReminderManager.swift */ = {isa = PBXFileReference; lastKnownFileType = sourcecode.swift; path = AmbientReminderManager.swift; sourceTree = "<group>"; };
		A1000001E /* AmbientReminderView.swift */ = {isa = PBXFileReference; lastKnownFileType = sourcecode.swift; path = AmbientReminderView.swift; sourceTree = "<group>"; };
		A10000021 /* ColorTheme.swift */ = {isa = PBXFileReference; lastKnownFileType = sourcecode.swift; path = ColorTheme.swift; sourceTree = "<group>"; };
		A10000025 /* BreakCountdown.swift */ = {isa = PBXFileReference; lastKnownFileType = sourcecode.swift; path = BreakCountdown.swift; sourceTree = "<group>"; };
		A10000100 /* BreakInputPolicy.swift */ = {isa = PBXFileReference; lastKnownFileType = sourcecode.swift; path = BreakInputPolicy.swift; sourceTree = "<group>"; };
		A10000102 /* BreakInputTap.swift */ = {isa = PBXFileReference; lastKnownFileType = sourcecode.swift; path = BreakInputTap.swift; sourceTree = "<group>"; };
		A10000022 /* ColorThemeSettingsView.swift */ = {isa = PBXFileReference; lastKnownFileType = sourcecode.swift; path = ColorThemeSettingsView.swift; sourceTree = "<group>"; };
		A1FFFFFF1 /* EyeBreak.app */ = {isa = PBXFileReference; explicitFileType = wrapper.application; includeInIndex = 0; path = EyeBreak.app; sourceTree = BUILT_PRODUCTS_DIR; };
		A20000000 /* TimerStateTests.swift */ = {isa = PBXFileReference; lastKnownFileType = sourcecode.swift; path = TimerStateTests.swift; sourceTree = "<group>"; };
		A20000002 /* PersistedValueTests.swift */ = {isa = PBXFileReference; lastKnownFileType = sourcecode.swift; path = PersistedValueTests.swift; sourceTree = "<group>"; };
		A20000004 /* SettingsHelperTests.swift */ = {isa = PBXFileReference; lastKnownFileType = sourcecode.swift; path = SettingsHelperTests.swift; sourceTree = "<group>"; };
		A20000006 /* BreakCountdownTests.swift */ = {isa = PBXFileReference; lastKnownFileType = sourcecode.swift; path = BreakCountdownTests.swift; sourceTree = "<group>"; };
		A20000008 /* BreakInputPolicyTests.swift */ = {isa = PBXFileReference; lastKnownFileType = sourcecode.swift; path = BreakInputPolicyTests.swift; sourceTree = "<group>"; };
		A2FFFFFF1 /* EyeBreakTests.xctest */ = {isa = PBXFileReference; explicitFileType = wrapper.cfbundle; includeInIndex = 0; path = EyeBreakTests.xctest; sourceTree = BUILT_PRODUCTS_DIR; };
/* End PBXFileReference section */

/* Begin PBXFrameworksBuildPhase section */
		A1FFFFEF1 /* Frameworks */ = {
			isa = PBXFrameworksBuildPhase;
			buildActionMask = 2147483647;
			files = (
			);
			runOnlyForDeploymentPostprocessing = 0;
		};
/* End PBXFrameworksBuildPhase section */

/* Begin PBXGroup section */
		A10000020 /* Models */ = {
			isa = PBXGroup;
			children = (
				A10000002 /* TimerState.swift */,
				A10000004 /* Settings.swift */,
				A10000021 /* ColorTheme.swift */,
				A10000025 /* BreakCountdown.swift */,
			);
			path = Models;
			sourceTree = "<group>";
		};
		A10000030 /* Managers */ = {
			isa = PBXGroup;
			children = (
				99EB42262EACA748003A7CDA /* LaunchAtLoginManager.swift */,
				997554F72EA3776C00D0AEE1 /* WaterReminderManager.swift */,
				99BD678A2E92516200D6FF8C /* StatusBarController.swift */,
				A10000006 /* BreakTimerManager.swift */,
				A10000008 /* IdleDetector.swift */,
				A1000000A /* NotificationManager.swift */,
				A1000000C /* ScreenBlurManager.swift */,
				A10000090 /* AccessibilityPermission.swift */,
				A10000100 /* BreakInputPolicy.swift */,
				A10000102 /* BreakInputTap.swift */,
				A1000001C /* AmbientReminderManager.swift */,
			);
			path = Managers;
			sourceTree = "<group>";
		};
		A10000040 /* Views */ = {
			isa = PBXGroup;
			children = (
				99A7D5132E9EA7AB00466080 /* FloatingBreakWindow.swift */,
				A1000000E /* MenuBarView.swift */,
				A10000010 /* SettingsView.swift */,
				A100000B0 /* SettingsWindowHost.swift */,
				A10000012 /* BreakOverlayView.swift */,
				A10000014 /* OnboardingView.swift */,
				A10000016 /* StatsView.swift */,
				A1000001E /* AmbientReminderView.swift */,
				A10000022 /* ColorThemeSettingsView.swift */,
			);
			path = Views;
			sourceTree = "<group>";
		};
		A10000050 /* Resources */ = {
			isa = PBXGroup;
			children = (
				A10000018 /* Assets.xcassets */,
			);
			path = Resources;
			sourceTree = "<group>";
		};
		A1FFFFEE1 = {
			isa = PBXGroup;
			children = (
				A1FFFFF01 /* EyeBreak */,
				A2FFFFF01 /* EyeBreakTests */,
				A1FFFFFF0 /* Products */,
			);
			sourceTree = "<group>";
		};
		A1FFFFF01 /* EyeBreak */ = {
			isa = PBXGroup;
			children = (
				A10000000 /* EyeBreakApp.swift */,
				A10000020 /* Models */,
				A10000030 /* Managers */,
				A10000040 /* Views */,
				A10000050 /* Resources */,
				A1000001A /* Info.plist */,
				A1000001B /* EyeBreak.entitlements */,
			);
			path = EyeBreak;
			sourceTree = "<group>";
		};
		A1FFFFFF0 /* Products */ = {
			isa = PBXGroup;
			children = (
				A1FFFFFF1 /* EyeBreak.app */,
				A2FFFFFF1 /* EyeBreakTests.xctest */,
			);
			name = Products;
			sourceTree = "<group>";
		};
		A2FFFFF01 /* EyeBreakTests */ = {
			isa = PBXGroup;
			children = (
				A20000000 /* TimerStateTests.swift */,
				A20000002 /* PersistedValueTests.swift */,
				A20000004 /* SettingsHelperTests.swift */,
				A20000006 /* BreakCountdownTests.swift */,
				A20000008 /* BreakInputPolicyTests.swift */,
			);
			path = EyeBreakTests;
			sourceTree = "<group>";
		};
/* End PBXGroup section */

/* Begin PBXNativeTarget section */
		A1FFFFFF2 /* EyeBreak */ = {
			isa = PBXNativeTarget;
			buildConfigurationList = A10000060 /* Build configuration list for PBXNativeTarget "EyeBreak" */;
			buildPhases = (
				A1FFFFEF0 /* Sources */,
				A1FFFFEF1 /* Frameworks */,
				A1FFFFEF2 /* Resources */,
			);
			buildRules = (
			);
			dependencies = (
			);
			name = EyeBreak;
			productName = EyeBreak;
			productReference = A1FFFFFF1 /* EyeBreak.app */;
			productType = "com.apple.product-type.application";
		};
		A2FFFFFF2 /* EyeBreakTests */ = {
			isa = PBXNativeTarget;
			buildConfigurationList = A20000060 /* Build configuration list for PBXNativeTarget "EyeBreakTests" */;
			buildPhases = (
				A2FFFFEF0 /* Sources */,
			);
			buildRules = (
			);
			dependencies = (
			);
			name = EyeBreakTests;
			productName = EyeBreakTests;
			productReference = A2FFFFFF1 /* EyeBreakTests.xctest */;
			productType = "com.apple.product-type.bundle.unit-test";
		};
/* End PBXNativeTarget section */

/* Begin PBXProject section */
		A1FFFFEE2 /* Project object */ = {
			isa = PBXProject;
			attributes = {
				BuildIndependentTargetsInParallel = 1;
				LastSwiftUpdateCheck = 1500;
				LastUpgradeCheck = 1500;
				TargetAttributes = {
					A1FFFFFF2 = {
						CreatedOnToolsVersion = 15.0;
					};
					A2FFFFFF2 = {
						CreatedOnToolsVersion = 15.0;
					};
				};
			};
			buildConfigurationList = A1FFFFEE5 /* Build configuration list for PBXProject "EyeBreak" */;
			compatibilityVersion = "Xcode 14.0";
			developmentRegion = en;
			hasScannedForEncodings = 0;
			knownRegions = (
				en,
				Base,
			);
			mainGroup = A1FFFFEE1;
			productRefGroup = A1FFFFFF0 /* Products */;
			projectDirPath = "";
			projectRoot = "";
			targets = (
				A1FFFFFF2 /* EyeBreak */,
				A2FFFFFF2 /* EyeBreakTests */,
			);
		};
/* End PBXProject section */

/* Begin PBXResourcesBuildPhase section */
		A1FFFFEF2 /* Resources */ = {
			isa = PBXResourcesBuildPhase;
			buildActionMask = 2147483647;
			files = (
				A10000019 /* Assets.xcassets in Resources */,
			);
			runOnlyForDeploymentPostprocessing = 0;
		};
/* End PBXResourcesBuildPhase section */

/* Begin PBXSourcesBuildPhase section */
		A1FFFFEF0 /* Sources */ = {
			isa = PBXSourcesBuildPhase;
			buildActionMask = 2147483647;
			files = (
				A10000001 /* EyeBreakApp.swift in Sources */,
				A10000003 /* TimerState.swift in Sources */,
				A10000005 /* Settings.swift in Sources */,
				A10000023 /* ColorTheme.swift in Sources */,
				A10000026 /* BreakCountdown.swift in Sources */,
				99BD678B2E92516200D6FF8C /* StatusBarController.swift in Sources */,
				99EB42272EACA748003A7CDA /* LaunchAtLoginManager.swift in Sources */,
				A10000007 /* BreakTimerManager.swift in Sources */,
				997554F82EA3776C00D0AEE1 /* WaterReminderManager.swift in Sources */,
				A10000009 /* IdleDetector.swift in Sources */,
				A1000000B /* NotificationManager.swift in Sources */,
				A1000000D /* ScreenBlurManager.swift in Sources */,
				A10000091 /* AccessibilityPermission.swift in Sources */,
				A10000101 /* BreakInputPolicy.swift in Sources */,
				A10000103 /* BreakInputTap.swift in Sources */,
				A100000B1 /* SettingsWindowHost.swift in Sources */,
				A1000000F /* MenuBarView.swift in Sources */,
				A10000011 /* SettingsView.swift in Sources */,
				99A7D5142E9EA7AB00466080 /* FloatingBreakWindow.swift in Sources */,
				A10000013 /* BreakOverlayView.swift in Sources */,
				A10000015 /* OnboardingView.swift in Sources */,
				A10000017 /* StatsView.swift in Sources */,
				A1000001D /* AmbientReminderManager.swift in Sources */,
				A1000001F /* AmbientReminderView.swift in Sources */,
				A10000024 /* ColorThemeSettingsView.swift in Sources */,
			);
			runOnlyForDeploymentPostprocessing = 0;
		};
		A2FFFFEF0 /* Sources */ = {
			isa = PBXSourcesBuildPhase;
			buildActionMask = 2147483647;
			files = (
				A20000001 /* TimerStateTests.swift in Sources */,
				A20000003 /* PersistedValueTests.swift in Sources */,
				A20000005 /* SettingsHelperTests.swift in Sources */,
				A20000010 /* TimerState.swift in Sources */,
				A20000011 /* Settings.swift in Sources */,
				A20000012 /* ColorTheme.swift in Sources */,
				A20000013 /* BreakCountdown.swift in Sources */,
				A20000007 /* BreakCountdownTests.swift in Sources */,
				A20000014 /* BreakInputPolicy.swift in Sources */,
				A20000009 /* BreakInputPolicyTests.swift in Sources */,
			);
			runOnlyForDeploymentPostprocessing = 0;
		};
/* End PBXSourcesBuildPhase section */

/* Begin XCBuildConfiguration section */
		A10000061 /* Debug */ = {
			isa = XCBuildConfiguration;
			buildSettings = {
				ALWAYS_SEARCH_USER_PATHS = NO;
				ASSETCATALOG_COMPILER_APPICON_NAME = AppIcon;
				ASSETCATALOG_COMPILER_GLOBAL_ACCENT_COLOR_NAME = AccentColor;
				CLANG_ANALYZER_NONNULL = YES;
				CLANG_ANALYZER_NUMBER_OBJECT_CONVERSION = YES_AGGRESSIVE;
				CLANG_CXX_LANGUAGE_STANDARD = "gnu++20";
				CLANG_ENABLE_MODULES = YES;
				CLANG_ENABLE_OBJC_ARC = YES;
				CLANG_ENABLE_OBJC_WEAK = YES;
				CLANG_WARN_BLOCK_CAPTURE_AUTORELEASING = YES;
				CLANG_WARN_BOOL_CONVERSION = YES;
				CLANG_WARN_COMMA = YES;
				CLANG_WARN_CONSTANT_CONVERSION = YES;
				CLANG_WARN_DEPRECATED_OBJC_IMPLEMENTATIONS = YES;
				CLANG_WARN_DIRECT_OBJC_ISA_USAGE = YES_ERROR;
				CLANG_WARN_DOCUMENTATION_COMMENTS = YES;
				CLANG_WARN_EMPTY_BODY = YES;
				CLANG_WARN_ENUM_CONVERSION = YES;
				CLANG_WARN_INFINITE_RECURSION = YES;
				CLANG_WARN_INT_CONVERSION = YES;
				CLANG_WARN_NON_LITERAL_NULL_CONVERSION = YES;
				CLANG_WARN_OBJC_IMPLICIT_RETAIN_SELF = YES;
				CLANG_WARN_OBJC_LITERAL_CONVERSION = YES;
				CLANG_WARN_OBJC_ROOT_CLASS = YES_ERROR;
				CLANG_WARN_QUOTED_INCLUDE_IN_FRAMEWORK_HEADER = YES;
				CLANG_WARN_RANGE_LOOP_ANALYSIS = YES;
				CLANG_WARN_STRICT_PROTOTYPES = YES;
				CLANG_WARN_SUSPICIOUS_MOVE = YES;
				CLANG_WARN_UNGUARDED_AVAILABILITY = YES_AGGRESSIVE;
				CLANG_WARN_UNREACHABLE_CODE = YES;
				CLANG_WARN__DUPLICATE_METHOD_MATCH = YES;
				CODE_SIGN_ENTITLEMENTS = EyeBreak/EyeBreak.entitlements;
				CODE_SIGN_STYLE = Automatic;
				COMBINE_HIDPI_IMAGES = YES;
				COPY_PHASE_STRIP = NO;
				CURRENT_PROJECT_VERSION = 1;
				DEBUG_INFORMATION_FORMAT = dwarf;
				DEVELOPMENT_TEAM = SM4A6Z8B5H;
				ENABLE_HARDENED_RUNTIME = YES;
				ENABLE_PREVIEWS = YES;
				ENABLE_STRICT_OBJC_MSGSEND = YES;
				ENABLE_TESTABILITY = YES;
				GCC_C_LANGUAGE_STANDARD = gnu11;
				GCC_DYNAMIC_NO_PIC = NO;
				GCC_NO_COMMON_BLOCKS = YES;
				GCC_OPTIMIZATION_LEVEL = 0;
				GCC_PREPROCESSOR_DEFINITIONS = (
					"DEBUG=1",
					"$(inherited)",
				);
				GCC_WARN_64_TO_32_BIT_CONVERSION = YES;
				GCC_WARN_ABOUT_RETURN_TYPE = YES_ERROR;
				GCC_WARN_UNDECLARED_SELECTOR = YES;
				GCC_WARN_UNINITIALIZED_AUTOS = YES_AGGRESSIVE;
				GCC_WARN_UNUSED_FUNCTION = YES;
				GCC_WARN_UNUSED_VARIABLE = YES;
				GENERATE_INFOPLIST_FILE = NO;
				INFOPLIST_FILE = EyeBreak/Info.plist;
				INFOPLIST_KEY_LSApplicationCategoryType = "public.app-category.healthcare-fitness";
				INFOPLIST_KEY_NSHumanReadableCopyright = "Copyright © 2025 EyeBreak. All rights reserved.";
				LD_RUNPATH_SEARCH_PATHS = (
					"$(inherited)",
					"@executable_path/../Frameworks",
				);
				MACOSX_DEPLOYMENT_TARGET = 14.0;
				MARKETING_VERSION = 1.0.0;
				MTL_ENABLE_DEBUG_INFO = INCLUDE_SOURCE;
				MTL_FAST_MATH = YES;
				ONLY_ACTIVE_ARCH = YES;
				PRODUCT_BUNDLE_IDENTIFIER = com.eyebreak.app;
				PRODUCT_NAME = "$(TARGET_NAME)";
				SDKROOT = macosx;
				SUPPORTED_PLATFORMS = macosx;
				SWIFT_ACTIVE_COMPILATION_CONDITIONS = DEBUG;
				SWIFT_OPTIMIZATION_LEVEL = "-Onone";
				SWIFT_VERSION = 5.0;
			};
			name = Debug;
		};
		A10000062 /* Release */ = {
			isa = XCBuildConfiguration;
			buildSettings = {
				ALWAYS_SEARCH_USER_PATHS = NO;
				ASSETCATALOG_COMPILER_APPICON_NAME = AppIcon;
				ASSETCATALOG_COMPILER_GLOBAL_ACCENT_COLOR_NAME = AccentColor;
				CLANG_ANALYZER_NONNULL = YES;
				CLANG_ANALYZER_NUMBER_OBJECT_CONVERSION = YES_AGGRESSIVE;
				CLANG_CXX_LANGUAGE_STANDARD = "gnu++20";
				CLANG_ENABLE_MODULES = YES;
				CLANG_ENABLE_OBJC_ARC = YES;
				CLANG_ENABLE_OBJC_WEAK = YES;
				CLANG_WARN_BLOCK_CAPTURE_AUTORELEASING = YES;
				CLANG_WARN_BOOL_CONVERSION = YES;
				CLANG_WARN_COMMA = YES;
				CLANG_WARN_CONSTANT_CONVERSION = YES;
				CLANG_WARN_DEPRECATED_OBJC_IMPLEMENTATIONS = YES;
				CLANG_WARN_DIRECT_OBJC_ISA_USAGE = YES_ERROR;
				CLANG_WARN_DOCUMENTATION_COMMENTS = YES;
				CLANG_WARN_EMPTY_BODY = YES;
				CLANG_WARN_ENUM_CONVERSION = YES;
				CLANG_WARN_INFINITE_RECURSION = YES;
				CLANG_WARN_INT_CONVERSION = YES;
				CLANG_WARN_NON_LITERAL_NULL_CONVERSION = YES;
				CLANG_WARN_OBJC_IMPLICIT_RETAIN_SELF = YES;
				CLANG_WARN_OBJC_LITERAL_CONVERSION = YES;
				CLANG_WARN_OBJC_ROOT_CLASS = YES_ERROR;
				CLANG_WARN_QUOTED_INCLUDE_IN_FRAMEWORK_HEADER = YES;
				CLANG_WARN_RANGE_LOOP_ANALYSIS = YES;
				CLANG_WARN_STRICT_PROTOTYPES = YES;
				CLANG_WARN_SUSPICIOUS_MOVE = YES;
				CLANG_WARN_UNGUARDED_AVAILABILITY = YES_AGGRESSIVE;
				CLANG_WARN_UNREACHABLE_CODE = YES;
				CLANG_WARN__DUPLICATE_METHOD_MATCH = YES;
				CODE_SIGN_ENTITLEMENTS = EyeBreak/EyeBreak.entitlements;
				CODE_SIGN_STYLE = Automatic;
				COMBINE_HIDPI_IMAGES = YES;
				COPY_PHASE_STRIP = NO;
				CURRENT_PROJECT_VERSION = 1;
				DEBUG_INFORMATION_FORMAT = "dwarf-with-dsym";
				DEVELOPMENT_TEAM = SM4A6Z8B5H;
				ENABLE_HARDENED_RUNTIME = YES;
				ENABLE_NS_ASSERTIONS = NO;
				ENABLE_PREVIEWS = YES;
				ENABLE_STRICT_OBJC_MSGSEND = YES;
				GCC_C_LANGUAGE_STANDARD = gnu11;
				GCC_NO_COMMON_BLOCKS = YES;
				GCC_WARN_64_TO_32_BIT_CONVERSION = YES;
				GCC_WARN_ABOUT_RETURN_TYPE = YES_ERROR;
				GCC_WARN_UNDECLARED_SELECTOR = YES;
				GCC_WARN_UNINITIALIZED_AUTOS = YES_AGGRESSIVE;
				GCC_WARN_UNUSED_FUNCTION = YES;
				GCC_WARN_UNUSED_VARIABLE = YES;
				GENERATE_INFOPLIST_FILE = NO;
				INFOPLIST_FILE = EyeBreak/Info.plist;
				INFOPLIST_KEY_LSApplicationCategoryType = "public.app-category.healthcare-fitness";
				INFOPLIST_KEY_NSHumanReadableCopyright = "Copyright © 2025 EyeBreak. All rights reserved.";
				LD_RUNPATH_SEARCH_PATHS = (
					"$(inherited)",
					"@executable_path/../Frameworks",
				);
				MACOSX_DEPLOYMENT_TARGET = 14.0;
				MARKETING_VERSION = 1.0.0;
				MTL_ENABLE_DEBUG_INFO = NO;
				MTL_FAST_MATH = YES;
				PRODUCT_BUNDLE_IDENTIFIER = com.eyebreak.app;
				PRODUCT_NAME = "$(TARGET_NAME)";
				SDKROOT = macosx;
				SWIFT_COMPILATION_MODE = wholemodule;
				SWIFT_OPTIMIZATION_LEVEL = "-O";
				SWIFT_VERSION = 5.0;
			};
			name = Release;
		};
		A10000063 /* Debug */ = {
			isa = XCBuildConfiguration;
			buildSettings = {
				ALWAYS_SEARCH_USER_PATHS = NO;
				CLANG_ANALYZER_NONNULL = YES;
				CLANG_CXX_LANGUAGE_STANDARD = "gnu++20";
				CLANG_ENABLE_MODULES = YES;
				CLANG_ENABLE_OBJC_ARC = YES;
				CLANG_WARN_BLOCK_CAPTURE_AUTORELEASING = YES;
				CLANG_WARN_BOOL_CONVERSION = YES;
				CLANG_WARN_COMMA = YES;
				CLANG_WARN_CONSTANT_CONVERSION = YES;
				CLANG_WARN_DEPRECATED_OBJC_IMPLEMENTATIONS = YES;
				CLANG_WARN_DIRECT_OBJC_ISA_USAGE = YES_ERROR;
				CLANG_WARN_DOCUMENTATION_COMMENTS = YES;
				CLANG_WARN_EMPTY_BODY = YES;
				CLANG_WARN_ENUM_CONVERSION = YES;
				CLANG_WARN_INFINITE_RECURSION = YES;
				CLANG_WARN_INT_CONVERSION = YES;
				CLANG_WARN_NON_LITERAL_NULL_CONVERSION = YES;
				CLANG_WARN_OBJC_IMPLICIT_RETAIN_SELF = YES;
				CLANG_WARN_OBJC_LITERAL_CONVERSION = YES;
				CLANG_WARN_OBJC_ROOT_CLASS = YES_ERROR;
				CLANG_WARN_QUOTED_INCLUDE_IN_FRAMEWORK_HEADER = YES;
				CLANG_WARN_RANGE_LOOP_ANALYSIS = YES;
				CLANG_WARN_STRICT_PROTOTYPES = YES;
				CLANG_WARN_SUSPICIOUS_MOVE = YES;
				CLANG_WARN_UNGUARDED_AVAILABILITY = YES_AGGRESSIVE;
				CLANG_WARN_UNREACHABLE_CODE = YES;
				CLANG_WARN__DUPLICATE_METHOD_MATCH = YES;
				COPY_PHASE_STRIP = NO;
				DEBUG_INFORMATION_FORMAT = dwarf;
				ENABLE_STRICT_OBJC_MSGSEND = YES;
				ENABLE_TESTABILITY = YES;
				GCC_C_LANGUAGE_STANDARD = gnu11;
				GCC_DYNAMIC_NO_PIC = NO;
				GCC_NO_COMMON_BLOCKS = YES;
				GCC_OPTIMIZATION_LEVEL = 0;
				GCC_PREPROCESSOR_DEFINITIONS = (
					"DEBUG=1",
					"$(inherited)",
				);
				GCC_WARN_64_TO_32_BIT_CONVERSION = YES;
				GCC_WARN_ABOUT_RETURN_TYPE = YES_ERROR;
				GCC_WARN_UNDECLARED_SELECTOR = YES;
				GCC_WARN_UNINITIALIZED_AUTOS = YES_AGGRESSIVE;
				GCC_WARN_UNUSED_FUNCTION = YES;
				GCC_WARN_UNUSED_VARIABLE = YES;
				MACOSX_DEPLOYMENT_TARGET = 14.0;
				MTL_ENABLE_DEBUG_INFO = INCLUDE_SOURCE;
				MTL_FAST_MATH = YES;
				ONLY_ACTIVE_ARCH = YES;
				SDKROOT = macosx;
				SWIFT_ACTIVE_COMPILATION_CONDITIONS = DEBUG;
				SWIFT_OPTIMIZATION_LEVEL = "-Onone";
			};
			name = Debug;
		};
		A10000064 /* Release */ = {
			isa = XCBuildConfiguration;
			buildSettings = {
				ALWAYS_SEARCH_USER_PATHS = NO;
				CLANG_ANALYZER_NONNULL = YES;
				CLANG_CXX_LANGUAGE_STANDARD = "gnu++20";
				CLANG_ENABLE_MODULES = YES;
				CLANG_ENABLE_OBJC_ARC = YES;
				CLANG_WARN_BLOCK_CAPTURE_AUTORELEASING = YES;
				CLANG_WARN_BOOL_CONVERSION = YES;
				CLANG_WARN_COMMA = YES;
				CLANG_WARN_CONSTANT_CONVERSION = YES;
				CLANG_WARN_DEPRECATED_OBJC_IMPLEMENTATIONS = YES;
				CLANG_WARN_DIRECT_OBJC_ISA_USAGE = YES_ERROR;
				CLANG_WARN_DOCUMENTATION_COMMENTS = YES;
				CLANG_WARN_EMPTY_BODY = YES;
				CLANG_WARN_ENUM_CONVERSION = YES;
				CLANG_WARN_INFINITE_RECURSION = YES;
				CLANG_WARN_INT_CONVERSION = YES;
				CLANG_WARN_NON_LITERAL_NULL_CONVERSION = YES;
				CLANG_WARN_OBJC_IMPLICIT_RETAIN_SELF = YES;
				CLANG_WARN_OBJC_LITERAL_CONVERSION = YES;
				CLANG_WARN_OBJC_ROOT_CLASS = YES_ERROR;
				CLANG_WARN_QUOTED_INCLUDE_IN_FRAMEWORK_HEADER = YES;
				CLANG_WARN_RANGE_LOOP_ANALYSIS = YES;
				CLANG_WARN_STRICT_PROTOTYPES = YES;
				CLANG_WARN_SUSPICIOUS_MOVE = YES;
				CLANG_WARN_UNGUARDED_AVAILABILITY = YES_AGGRESSIVE;
				CLANG_WARN_UNREACHABLE_CODE = YES;
				CLANG_WARN__DUPLICATE_METHOD_MATCH = YES;
				COPY_PHASE_STRIP = NO;
				DEBUG_INFORMATION_FORMAT = "dwarf-with-dsym";
				ENABLE_NS_ASSERTIONS = NO;
				ENABLE_STRICT_OBJC_MSGSEND = YES;
				GCC_C_LANGUAGE_STANDARD = gnu11;
				GCC_NO_COMMON_BLOCKS = YES;
				GCC_WARN_64_TO_32_BIT_CONVERSION = YES;
				GCC_WARN_ABOUT_RETURN_TYPE = YES_ERROR;
				GCC_WARN_UNDECLARED_SELECTOR = YES;
				GCC_WARN_UNINITIALIZED_AUTOS = YES_AGGRESSIVE;
				GCC_WARN_UNUSED_FUNCTION = YES;
				GCC_WARN_UNUSED_VARIABLE = YES;
				MACOSX_DEPLOYMENT_TARGET = 14.0;
				MTL_ENABLE_DEBUG_INFO = NO;
				MTL_FAST_MATH = YES;
				SDKROOT = macosx;
				SWIFT_COMPILATION_MODE = wholemodule;
				SWIFT_OPTIMIZATION_LEVEL = "-O";
			};
			name = Release;
		};
		A20000061 /* Debug */ = {
			isa = XCBuildConfiguration;
			buildSettings = {
				ALWAYS_SEARCH_USER_PATHS = NO;
				CODE_SIGN_STYLE = Automatic;
				CURRENT_PROJECT_VERSION = 1;
				GENERATE_INFOPLIST_FILE = YES;
				MACOSX_DEPLOYMENT_TARGET = 14.0;
				MARKETING_VERSION = 1.0.0;
				PRODUCT_BUNDLE_IDENTIFIER = com.eyebreak.app.tests;
				PRODUCT_NAME = "$(TARGET_NAME)";
				SDKROOT = macosx;
				SUPPORTED_PLATFORMS = macosx;
				SWIFT_ACTIVE_COMPILATION_CONDITIONS = DEBUG;
				SWIFT_EMIT_LOC_STRINGS = NO;
				SWIFT_OPTIMIZATION_LEVEL = "-Onone";
				SWIFT_VERSION = 5.0;
			};
			name = Debug;
		};
		A20000062 /* Release */ = {
			isa = XCBuildConfiguration;
			buildSettings = {
				ALWAYS_SEARCH_USER_PATHS = NO;
				CODE_SIGN_STYLE = Automatic;
				CURRENT_PROJECT_VERSION = 1;
				GENERATE_INFOPLIST_FILE = YES;
				MACOSX_DEPLOYMENT_TARGET = 14.0;
				MARKETING_VERSION = 1.0.0;
				PRODUCT_BUNDLE_IDENTIFIER = com.eyebreak.app.tests;
				PRODUCT_NAME = "$(TARGET_NAME)";
				SDKROOT = macosx;
				SUPPORTED_PLATFORMS = macosx;
				SWIFT_EMIT_LOC_STRINGS = NO;
				SWIFT_VERSION = 5.0;
			};
			name = Release;
		};
/* End XCBuildConfiguration section */

/* Begin XCConfigurationList section */
		A10000060 /* Build configuration list for PBXNativeTarget "EyeBreak" */ = {
			isa = XCConfigurationList;
			buildConfigurations = (
				A10000061 /* Debug */,
				A10000062 /* Release */,
			);
			defaultConfigurationIsVisible = 0;
			defaultConfigurationName = Release;
		};
		A1FFFFEE5 /* Build configuration list for PBXProject "EyeBreak" */ = {
			isa = XCConfigurationList;
			buildConfigurations = (
				A10000063 /* Debug */,
				A10000064 /* Release */,
			);
			defaultConfigurationIsVisible = 0;
			defaultConfigurationName = Release;
		};
		A20000060 /* Build configuration list for PBXNativeTarget "EyeBreakTests" */ = {
			isa = XCConfigurationList;
			buildConfigurations = (
				A20000061 /* Debug */,
				A20000062 /* Release */,
			);
			defaultConfigurationIsVisible = 0;
			defaultConfigurationName = Release;
		};
/* End XCConfigurationList section */
	};
	rootObject = A1FFFFEE2 /* Project object */;
}
